<?xml version="1.0" encoding="utf-8"?>
<Project ToolsVersion="4.0" xmlns="http://schemas.microsoft.com/developer/msbuild/2003">
  <ItemGroup>
    <Filter Include="src">
      <UniqueIdentifier>{a468c37c-f977-4032-92fb-9cc24b46fd94}</UniqueIdentifier>
    </Filter>
  </ItemGroup>
  <ItemGroup>
    <ClInclude Include="..\..\src\WhatsHttp.h">
      <Filter>src</Filter>
    </ClInclude>
    <ClInclude Include="..\..\src\WhatsEvent.h">
      <Filter>src</Filter>
    </ClInclude>
    <ClInclude Include="..\..\src\WhatsEventCycle.h">
      <Filter>src</Filter>
    </ClInclude>
    <ClInclude Include="..\..\src\WhatsLog.h">
      <Filter>src</Filter>
    </ClInclude>
    <ClInclude Include="..\..\src\WhatsRequest.h">
      <Filter>src</Filter>
    </ClInclude>
    <ClInclude Include="..\..\src\WhatsResponse.h">
      <Filter>src</Filter>
    </ClInclude>
    <ClInclude Include="..\..\src\WhatsSocket.h">
      <Filter>src</Filter>
    </ClInclude>
    <ClInclude Include="..\..\src\WhatsThread.h">
      <Filter>src</Filter>
    </ClInclude>
    <ClInclude Include="..\..\src\WhatsThreadSync.h">
      <Filter>src</Filter>
    </ClInclude>
    <ClInclude Include="..\..\src\WhatsUtility.h">
      <Filter>src</Filter>
    </ClInclude>
  </ItemGroup>
  <ItemGroup>
    <ClCompile Include="..\..\main.cpp" />
    <ClCompile Include="..\..\src\WhatsHttp.cpp">
      <Filter>src</Filter>
    </ClCompile>
    <ClCompile Include="..\..\src\WhatsEvent.cpp">
      <Filter>src</Filter>
    </ClCompile>
    <ClCompile Include="..\..\src\WhatsEventCycle.cpp">
      <Filter>src</Filter>
    </ClCompile>
    <ClCompile Include="..\..\src\WhatsLog.cpp">
      <Filter>src</Filter>
    </ClCompile>
    <ClCompile Include="..\..\src\WhatsRequest.cpp">
      <Filter>src</Filter>
    </ClCompile>
    <ClCompile Include="..\..\src\WhatsResponse.cpp">
      <Filter>src</Filter>
    </ClCompile>
    <ClCompile Include="..\..\src\WhatsSocket.cpp">
      <Filter>src</Filter>
    </ClCompile>
    <ClCompile Include="..\..\src\WhatsThread.cpp">
      <Filter>src</Filter>
    </ClCompile>
    <ClCompile Include="..\..\src\WhatsThreadSync.cpp">
      <Filter>src</Filter>
    </ClCompile>
    <ClCompile Include="..\..\src\WhatsUtility.cpp">
      <Filter>src</Filter>
    </ClCompile>
  </ItemGroup>
</Project>